// !$*UTF8*$!
{
	archiveVersion = 1;
	classes = {
	};
	objectVersion = 50;
	objects = {

/* Begin PBXBuildFile section */
		18258AFF23DE49E4008BC327 /* AppDelegate.swift in Sources */ = {isa = PBXBuildFile; fileRef = 18258AFE23DE49E4008BC327 /* AppDelegate.swift */; };
		18258B0123DE49E4008BC327 /* SceneDelegate.swift in Sources */ = {isa = PBXBuildFile; fileRef = 18258B0023DE49E4008BC327 /* SceneDelegate.swift */; };
		18258B0623DE49E4008BC327 /* Main.storyboard in Resources */ = {isa = PBXBuildFile; fileRef = 18258B0423DE49E4008BC327 /* Main.storyboard */; };
		18258B0823DE49E5008BC327 /* Assets.xcassets in Resources */ = {isa = PBXBuildFile; fileRef = 18258B0723DE49E5008BC327 /* Assets.xcassets */; };
		18258B0B23DE49E5008BC327 /* LaunchScreen.storyboard in Resources */ = {isa = PBXBuildFile; fileRef = 18258B0923DE49E5008BC327 /* LaunchScreen.storyboard */; };
		18258B2123DE49E5008BC327 /* QuickTradeUITests.swift in Sources */ = {isa = PBXBuildFile; fileRef = 18258B2023DE49E5008BC327 /* QuickTradeUITests.swift */; };
		18258B7623DE4D05008BC327 /* QuickTradeEndpoint.swift in Sources */ = {isa = PBXBuildFile; fileRef = 18258B7523DE4D05008BC327 /* QuickTradeEndpoint.swift */; };
		18258B7823DE4FBB008BC327 /* ServiceRequestBuilder.swift in Sources */ = {isa = PBXBuildFile; fileRef = 18258B7723DE4FBB008BC327 /* ServiceRequestBuilder.swift */; };
		18258B7A23DE538F008BC327 /* ServiceError.swift in Sources */ = {isa = PBXBuildFile; fileRef = 18258B7923DE538F008BC327 /* ServiceError.swift */; };
		18258B7C23DE53D7008BC327 /* Result.swift in Sources */ = {isa = PBXBuildFile; fileRef = 18258B7B23DE53D7008BC327 /* Result.swift */; };
		18258B7E23DE5439008BC327 /* Network.swift in Sources */ = {isa = PBXBuildFile; fileRef = 18258B7D23DE5439008BC327 /* Network.swift */; };
		18258B8223DE5796008BC327 /* OrderServiceProvider.swift in Sources */ = {isa = PBXBuildFile; fileRef = 18258B8123DE5796008BC327 /* OrderServiceProvider.swift */; };
		18258B8423DE585F008BC327 /* OrderService.swift in Sources */ = {isa = PBXBuildFile; fileRef = 18258B8323DE585F008BC327 /* OrderService.swift */; };
		18258B8A23DE5B9C008BC327 /* Localizable.strings in Resources */ = {isa = PBXBuildFile; fileRef = 18258B8823DE5B9B008BC327 /* Localizable.strings */; };
		18258B8C23DE5BEC008BC327 /* LocalizedString.swift in Sources */ = {isa = PBXBuildFile; fileRef = 18258B8B23DE5BEC008BC327 /* LocalizedString.swift */; };
		18258B9023DE67E6008BC327 /* Rates.swift in Sources */ = {isa = PBXBuildFile; fileRef = 18258B8F23DE67E6008BC327 /* Rates.swift */; };
		18258B9523DE69FB008BC327 /* OrderServiceNetworkTests.swift in Sources */ = {isa = PBXBuildFile; fileRef = 18258B9423DE69FB008BC327 /* OrderServiceNetworkTests.swift */; };
		18258B9723DE6E0A008BC327 /* JSONDecoder+Extensions.swift in Sources */ = {isa = PBXBuildFile; fileRef = 18258B9623DE6E0A008BC327 /* JSONDecoder+Extensions.swift */; };
		18258B9923DE72C2008BC327 /* OrderServiceStubs.swift in Sources */ = {isa = PBXBuildFile; fileRef = 18258B9823DE72C2008BC327 /* OrderServiceStubs.swift */; };
		18258B9B23DE7301008BC327 /* MockOrderService.swift in Sources */ = {isa = PBXBuildFile; fileRef = 18258B9A23DE7301008BC327 /* MockOrderService.swift */; };
		18258B9F23DE7476008BC327 /* tickerSuccess.json in Resources */ = {isa = PBXBuildFile; fileRef = 18258B9D23DE7476008BC327 /* tickerSuccess.json */; };
		18258BA023DE7476008BC327 /* tickerMalformed.json in Resources */ = {isa = PBXBuildFile; fileRef = 18258B9E23DE7476008BC327 /* tickerMalformed.json */; };
		18258BA323DE7E99008BC327 /* OrderServiceMockTests.swift in Sources */ = {isa = PBXBuildFile; fileRef = 18258BA223DE7E99008BC327 /* OrderServiceMockTests.swift */; };
		18258BA523DE8ED5008BC327 /* ServiceErrorTests.swift in Sources */ = {isa = PBXBuildFile; fileRef = 18258BA423DE8ED5008BC327 /* ServiceErrorTests.swift */; };
		18C0A19A23DF970000770E4A /* PricePanelView.swift in Sources */ = {isa = PBXBuildFile; fileRef = 18C0A19923DF970000770E4A /* PricePanelView.swift */; };
		18C0A1A123DF97CD00770E4A /* UIView+Extension.swift in Sources */ = {isa = PBXBuildFile; fileRef = 18C0A1A023DF97CD00770E4A /* UIView+Extension.swift */; };
		18C0A1A323DF980C00770E4A /* PricePanelView.xib in Resources */ = {isa = PBXBuildFile; fileRef = 18C0A1A223DF980C00770E4A /* PricePanelView.xib */; };
		18C0A1A523DF9D6300770E4A /* Theme.swift in Sources */ = {isa = PBXBuildFile; fileRef = 18C0A1A423DF9D6300770E4A /* Theme.swift */; };
		18C0A1A823DFA28600770E4A /* OrderTicketViewController.swift in Sources */ = {isa = PBXBuildFile; fileRef = 18C0A1A723DFA28600770E4A /* OrderTicketViewController.swift */; };
		18C0A1AA23DFA29F00770E4A /* OrderTicketViewModel.swift in Sources */ = {isa = PBXBuildFile; fileRef = 18C0A1A923DFA29F00770E4A /* OrderTicketViewModel.swift */; };
		18C0A1AC23DFAC6000770E4A /* PrimaryButton.swift in Sources */ = {isa = PBXBuildFile; fileRef = 18C0A1AB23DFAC6000770E4A /* PrimaryButton.swift */; };
		18C0A1AE23DFB90300770E4A /* TextInputView.swift in Sources */ = {isa = PBXBuildFile; fileRef = 18C0A1AD23DFB90300770E4A /* TextInputView.swift */; };
		18C0A1B023DFB91400770E4A /* TextInputView.xib in Resources */ = {isa = PBXBuildFile; fileRef = 18C0A1AF23DFB91400770E4A /* TextInputView.xib */; };
		18C0A1B223DFC61C00770E4A /* ActionViews.swift in Sources */ = {isa = PBXBuildFile; fileRef = 18C0A1B123DFC61C00770E4A /* ActionViews.swift */; };
		18C0A1B423DFC62C00770E4A /* ActionViews.xib in Resources */ = {isa = PBXBuildFile; fileRef = 18C0A1B323DFC62C00770E4A /* ActionViews.xib */; };
		18C0A1B823DFF81000770E4A /* PricePanelViewModel.swift in Sources */ = {isa = PBXBuildFile; fileRef = 18C0A1B723DFF81000770E4A /* PricePanelViewModel.swift */; };
		18C0A1BA23E0026B00770E4A /* ProductsViewController.swift in Sources */ = {isa = PBXBuildFile; fileRef = 18C0A1B923E0026B00770E4A /* ProductsViewController.swift */; };
		18C0A1BC23E017B900770E4A /* Utils.swift in Sources */ = {isa = PBXBuildFile; fileRef = 18C0A1BB23E017B900770E4A /* Utils.swift */; };
/* End PBXBuildFile section */

/* Begin PBXContainerItemProxy section */
		18258B1223DE49E5008BC327 /* PBXContainerItemProxy */ = {
			isa = PBXContainerItemProxy;
			containerPortal = 18258AF323DE49E4008BC327 /* Project object */;
			proxyType = 1;
			remoteGlobalIDString = 18258AFA23DE49E4008BC327;
			remoteInfo = QuickTrade;
		};
		18258B1D23DE49E5008BC327 /* PBXContainerItemProxy */ = {
			isa = PBXContainerItemProxy;
			containerPortal = 18258AF323DE49E4008BC327 /* Project object */;
			proxyType = 1;
			remoteGlobalIDString = 18258AFA23DE49E4008BC327;
			remoteInfo = QuickTrade;
		};
/* End PBXContainerItemProxy section */

/* Begin PBXFileReference section */
		18258AFB23DE49E4008BC327 /* QuickTrade.app */ = {isa = PBXFileReference; explicitFileType = wrapper.application; includeInIndex = 0; path = QuickTrade.app; sourceTree = BUILT_PRODUCTS_DIR; };
		18258AFE23DE49E4008BC327 /* AppDelegate.swift */ = {isa = PBXFileReference; lastKnownFileType = sourcecode.swift; path = AppDelegate.swift; sourceTree = "<group>"; };
		18258B0023DE49E4008BC327 /* SceneDelegate.swift */ = {isa = PBXFileReference; lastKnownFileType = sourcecode.swift; path = SceneDelegate.swift; sourceTree = "<group>"; };
		18258B0523DE49E4008BC327 /* Base */ = {isa = PBXFileReference; lastKnownFileType = file.storyboard; name = Base; path = Base.lproj/Main.storyboard; sourceTree = "<group>"; };
		18258B0723DE49E5008BC327 /* Assets.xcassets */ = {isa = PBXFileReference; lastKnownFileType = folder.assetcatalog; path = Assets.xcassets; sourceTree = "<group>"; };
		18258B0A23DE49E5008BC327 /* Base */ = {isa = PBXFileReference; lastKnownFileType = file.storyboard; name = Base; path = Base.lproj/LaunchScreen.storyboard; sourceTree = "<group>"; };
		18258B0C23DE49E5008BC327 /* Info.plist */ = {isa = PBXFileReference; lastKnownFileType = text.plist.xml; path = Info.plist; sourceTree = "<group>"; };
		18258B1123DE49E5008BC327 /* QuickTradeTests.xctest */ = {isa = PBXFileReference; explicitFileType = wrapper.cfbundle; includeInIndex = 0; path = QuickTradeTests.xctest; sourceTree = BUILT_PRODUCTS_DIR; };
		18258B1723DE49E5008BC327 /* Info.plist */ = {isa = PBXFileReference; lastKnownFileType = text.plist.xml; path = Info.plist; sourceTree = "<group>"; };
		18258B1C23DE49E5008BC327 /* QuickTradeUITests.xctest */ = {isa = PBXFileReference; explicitFileType = wrapper.cfbundle; includeInIndex = 0; path = QuickTradeUITests.xctest; sourceTree = BUILT_PRODUCTS_DIR; };
		18258B2023DE49E5008BC327 /* QuickTradeUITests.swift */ = {isa = PBXFileReference; lastKnownFileType = sourcecode.swift; path = QuickTradeUITests.swift; sourceTree = "<group>"; };
		18258B2223DE49E5008BC327 /* Info.plist */ = {isa = PBXFileReference; lastKnownFileType = text.plist.xml; path = Info.plist; sourceTree = "<group>"; };
		18258B7523DE4D05008BC327 /* QuickTradeEndpoint.swift */ = {isa = PBXFileReference; lastKnownFileType = sourcecode.swift; path = QuickTradeEndpoint.swift; sourceTree = "<group>"; };
		18258B7723DE4FBB008BC327 /* ServiceRequestBuilder.swift */ = {isa = PBXFileReference; lastKnownFileType = sourcecode.swift; path = ServiceRequestBuilder.swift; sourceTree = "<group>"; };
		18258B7923DE538F008BC327 /* ServiceError.swift */ = {isa = PBXFileReference; lastKnownFileType = sourcecode.swift; path = ServiceError.swift; sourceTree = "<group>"; };
		18258B7B23DE53D7008BC327 /* Result.swift */ = {isa = PBXFileReference; lastKnownFileType = sourcecode.swift; path = Result.swift; sourceTree = "<group>"; };
		18258B7D23DE5439008BC327 /* Network.swift */ = {isa = PBXFileReference; lastKnownFileType = sourcecode.swift; path = Network.swift; sourceTree = "<group>"; };
		18258B8123DE5796008BC327 /* OrderServiceProvider.swift */ = {isa = PBXFileReference; lastKnownFileType = sourcecode.swift; path = OrderServiceProvider.swift; sourceTree = "<group>"; };
		18258B8323DE585F008BC327 /* OrderService.swift */ = {isa = PBXFileReference; lastKnownFileType = sourcecode.swift; path = OrderService.swift; sourceTree = "<group>"; };
		18258B8823DE5B9B008BC327 /* Localizable.strings */ = {isa = PBXFileReference; fileEncoding = 4; lastKnownFileType = text.plist.strings; path = Localizable.strings; sourceTree = "<group>"; };
		18258B8B23DE5BEC008BC327 /* LocalizedString.swift */ = {isa = PBXFileReference; lastKnownFileType = sourcecode.swift; path = LocalizedString.swift; sourceTree = "<group>"; };
		18258B8F23DE67E6008BC327 /* Rates.swift */ = {isa = PBXFileReference; lastKnownFileType = sourcecode.swift; path = Rates.swift; sourceTree = "<group>"; };
		18258B9423DE69FB008BC327 /* OrderServiceNetworkTests.swift */ = {isa = PBXFileReference; lastKnownFileType = sourcecode.swift; path = OrderServiceNetworkTests.swift; sourceTree = "<group>"; };
		18258B9623DE6E0A008BC327 /* JSONDecoder+Extensions.swift */ = {isa = PBXFileReference; lastKnownFileType = sourcecode.swift; path = "JSONDecoder+Extensions.swift"; sourceTree = "<group>"; };
		18258B9823DE72C2008BC327 /* OrderServiceStubs.swift */ = {isa = PBXFileReference; lastKnownFileType = sourcecode.swift; path = OrderServiceStubs.swift; sourceTree = "<group>"; };
		18258B9A23DE7301008BC327 /* MockOrderService.swift */ = {isa = PBXFileReference; lastKnownFileType = sourcecode.swift; path = MockOrderService.swift; sourceTree = "<group>"; };
		18258B9D23DE7476008BC327 /* tickerSuccess.json */ = {isa = PBXFileReference; fileEncoding = 4; lastKnownFileType = text.json; path = tickerSuccess.json; sourceTree = "<group>"; };
		18258B9E23DE7476008BC327 /* tickerMalformed.json */ = {isa = PBXFileReference; fileEncoding = 4; lastKnownFileType = text.json; path = tickerMalformed.json; sourceTree = "<group>"; };
		18258BA223DE7E99008BC327 /* OrderServiceMockTests.swift */ = {isa = PBXFileReference; lastKnownFileType = sourcecode.swift; path = OrderServiceMockTests.swift; sourceTree = "<group>"; };
		18258BA423DE8ED5008BC327 /* ServiceErrorTests.swift */ = {isa = PBXFileReference; lastKnownFileType = sourcecode.swift; path = ServiceErrorTests.swift; sourceTree = "<group>"; };
		18C0A19923DF970000770E4A /* PricePanelView.swift */ = {isa = PBXFileReference; lastKnownFileType = sourcecode.swift; path = PricePanelView.swift; sourceTree = "<group>"; };
		18C0A1A023DF97CD00770E4A /* UIView+Extension.swift */ = {isa = PBXFileReference; lastKnownFileType = sourcecode.swift; path = "UIView+Extension.swift"; sourceTree = "<group>"; };
		18C0A1A223DF980C00770E4A /* PricePanelView.xib */ = {isa = PBXFileReference; lastKnownFileType = file.xib; path = PricePanelView.xib; sourceTree = "<group>"; };
		18C0A1A423DF9D6300770E4A /* Theme.swift */ = {isa = PBXFileReference; lastKnownFileType = sourcecode.swift; path = Theme.swift; sourceTree = "<group>"; };
		18C0A1A723DFA28600770E4A /* OrderTicketViewController.swift */ = {isa = PBXFileReference; lastKnownFileType = sourcecode.swift; path = OrderTicketViewController.swift; sourceTree = "<group>"; };
		18C0A1A923DFA29F00770E4A /* OrderTicketViewModel.swift */ = {isa = PBXFileReference; lastKnownFileType = sourcecode.swift; path = OrderTicketViewModel.swift; sourceTree = "<group>"; };
		18C0A1AB23DFAC6000770E4A /* PrimaryButton.swift */ = {isa = PBXFileReference; lastKnownFileType = sourcecode.swift; path = PrimaryButton.swift; sourceTree = "<group>"; };
		18C0A1AD23DFB90300770E4A /* TextInputView.swift */ = {isa = PBXFileReference; lastKnownFileType = sourcecode.swift; path = TextInputView.swift; sourceTree = "<group>"; };
		18C0A1AF23DFB91400770E4A /* TextInputView.xib */ = {isa = PBXFileReference; lastKnownFileType = file.xib; path = TextInputView.xib; sourceTree = "<group>"; };
		18C0A1B123DFC61C00770E4A /* ActionViews.swift */ = {isa = PBXFileReference; lastKnownFileType = sourcecode.swift; path = ActionViews.swift; sourceTree = "<group>"; };
		18C0A1B323DFC62C00770E4A /* ActionViews.xib */ = {isa = PBXFileReference; lastKnownFileType = file.xib; path = ActionViews.xib; sourceTree = "<group>"; };
		18C0A1B723DFF81000770E4A /* PricePanelViewModel.swift */ = {isa = PBXFileReference; lastKnownFileType = sourcecode.swift; path = PricePanelViewModel.swift; sourceTree = "<group>"; };
		18C0A1B923E0026B00770E4A /* ProductsViewController.swift */ = {isa = PBXFileReference; lastKnownFileType = sourcecode.swift; path = ProductsViewController.swift; sourceTree = "<group>"; };
		18C0A1BB23E017B900770E4A /* Utils.swift */ = {isa = PBXFileReference; lastKnownFileType = sourcecode.swift; path = Utils.swift; sourceTree = "<group>"; };
/* End PBXFileReference section */

/* Begin PBXFrameworksBuildPhase section */
		18258AF823DE49E4008BC327 /* Frameworks */ = {
			isa = PBXFrameworksBuildPhase;
			buildActionMask = 2147483647;
			files = (
			);
			runOnlyForDeploymentPostprocessing = 0;
		};
		18258B0E23DE49E5008BC327 /* Frameworks */ = {
			isa = PBXFrameworksBuildPhase;
			buildActionMask = 2147483647;
			files = (
			);
			runOnlyForDeploymentPostprocessing = 0;
		};
		18258B1923DE49E5008BC327 /* Frameworks */ = {
			isa = PBXFrameworksBuildPhase;
			buildActionMask = 2147483647;
			files = (
			);
			runOnlyForDeploymentPostprocessing = 0;
		};
/* End PBXFrameworksBuildPhase section */

/* Begin PBXGroup section */
		18258AF223DE49E4008BC327 = {
			isa = PBXGroup;
			children = (
				18258AFD23DE49E4008BC327 /* QuickTrade */,
				18258B1423DE49E5008BC327 /* QuickTradeTests */,
				18258B1F23DE49E5008BC327 /* QuickTradeUITests */,
				18258AFC23DE49E4008BC327 /* Products */,
			);
			sourceTree = "<group>";
		};
		18258AFC23DE49E4008BC327 /* Products */ = {
			isa = PBXGroup;
			children = (
				18258AFB23DE49E4008BC327 /* QuickTrade.app */,
				18258B1123DE49E5008BC327 /* QuickTradeTests.xctest */,
				18258B1C23DE49E5008BC327 /* QuickTradeUITests.xctest */,
			);
			name = Products;
			sourceTree = "<group>";
		};
		18258AFD23DE49E4008BC327 /* QuickTrade */ = {
			isa = PBXGroup;
			children = (
				18258AFE23DE49E4008BC327 /* AppDelegate.swift */,
				18258B0023DE49E4008BC327 /* SceneDelegate.swift */,
				18258B2F23DE4A6F008BC327 /* Feature */,
				18258B2E23DE4A6A008BC327 /* Domain */,
				18258B0723DE49E5008BC327 /* Assets.xcassets */,
				18258B0923DE49E5008BC327 /* LaunchScreen.storyboard */,
				18258B0C23DE49E5008BC327 /* Info.plist */,
			);
			path = QuickTrade;
			sourceTree = "<group>";
		};
		18258B1423DE49E5008BC327 /* QuickTradeTests */ = {
			isa = PBXGroup;
			children = (
				18258B9123DE69B9008BC327 /* Feature */,
				18258B9223DE69C0008BC327 /* Domain */,
				18258B1723DE49E5008BC327 /* Info.plist */,
			);
			path = QuickTradeTests;
			sourceTree = "<group>";
		};
		18258B1F23DE49E5008BC327 /* QuickTradeUITests */ = {
			isa = PBXGroup;
			children = (
				18258B2023DE49E5008BC327 /* QuickTradeUITests.swift */,
				18258B2223DE49E5008BC327 /* Info.plist */,
			);
			path = QuickTradeUITests;
			sourceTree = "<group>";
		};
		18258B2E23DE4A6A008BC327 /* Domain */ = {
			isa = PBXGroup;
			children = (
				18258B7223DE4BCB008BC327 /* Network */,
				18258B7123DE4BC8008BC327 /* Service */,
				18258B7023DE4B0A008BC327 /* Models */,
				18258B9623DE6E0A008BC327 /* JSONDecoder+Extensions.swift */,
			);
			path = Domain;
			sourceTree = "<group>";
		};
		18258B2F23DE4A6F008BC327 /* Feature */ = {
			isa = PBXGroup;
			children = (
				18C0A1A623DFA24A00770E4A /* Utils */,
				18C0A19F23DF97A400770E4A /* Extensions */,
				18258B7423DE4BED008BC327 /* Storyboard */,
				18258B7323DE4BE0008BC327 /* Localization */,
				18258B6F23DE4AF8008BC327 /* Orders */,
			);
			path = Feature;
			sourceTree = "<group>";
		};
		18258B6C23DE4AD4008BC327 /* ViewControllers */ = {
			isa = PBXGroup;
			children = (
				18C0A1A723DFA28600770E4A /* OrderTicketViewController.swift */,
				18C0A1B923E0026B00770E4A /* ProductsViewController.swift */,
			);
			path = ViewControllers;
			sourceTree = "<group>";
		};
		18258B6D23DE4AD9008BC327 /* ViewModels */ = {
			isa = PBXGroup;
			children = (
				18C0A1A923DFA29F00770E4A /* OrderTicketViewModel.swift */,
				18C0A1B723DFF81000770E4A /* PricePanelViewModel.swift */,
			);
			path = ViewModels;
			sourceTree = "<group>";
		};
		18258B6E23DE4ADC008BC327 /* Views */ = {
			isa = PBXGroup;
			children = (
				18C0A19923DF970000770E4A /* PricePanelView.swift */,
				18C0A1A223DF980C00770E4A /* PricePanelView.xib */,
				18C0A1AB23DFAC6000770E4A /* PrimaryButton.swift */,
				18C0A1AD23DFB90300770E4A /* TextInputView.swift */,
				18C0A1AF23DFB91400770E4A /* TextInputView.xib */,
				18C0A1B123DFC61C00770E4A /* ActionViews.swift */,
				18C0A1B323DFC62C00770E4A /* ActionViews.xib */,
			);
			path = Views;
			sourceTree = "<group>";
		};
		18258B6F23DE4AF8008BC327 /* Orders */ = {
			isa = PBXGroup;
			children = (
				18258B6E23DE4ADC008BC327 /* Views */,
				18258B6D23DE4AD9008BC327 /* ViewModels */,
				18258B6C23DE4AD4008BC327 /* ViewControllers */,
			);
			path = Orders;
			sourceTree = "<group>";
		};
		18258B7023DE4B0A008BC327 /* Models */ = {
			isa = PBXGroup;
			children = (
				18258B7923DE538F008BC327 /* ServiceError.swift */,
				18258B7B23DE53D7008BC327 /* Result.swift */,
				18258B8F23DE67E6008BC327 /* Rates.swift */,
			);
			path = Models;
			sourceTree = "<group>";
		};
		18258B7123DE4BC8008BC327 /* Service */ = {
			isa = PBXGroup;
			children = (
				18258B8123DE5796008BC327 /* OrderServiceProvider.swift */,
				18258B8323DE585F008BC327 /* OrderService.swift */,
			);
			path = Service;
			sourceTree = "<group>";
		};
		18258B7223DE4BCB008BC327 /* Network */ = {
			isa = PBXGroup;
			children = (
				18258B7523DE4D05008BC327 /* QuickTradeEndpoint.swift */,
				18258B7723DE4FBB008BC327 /* ServiceRequestBuilder.swift */,
				18258B7D23DE5439008BC327 /* Network.swift */,
			);
			path = Network;
			sourceTree = "<group>";
		};
		18258B7323DE4BE0008BC327 /* Localization */ = {
			isa = PBXGroup;
			children = (
				18258B8823DE5B9B008BC327 /* Localizable.strings */,
				18258B8B23DE5BEC008BC327 /* LocalizedString.swift */,
			);
			path = Localization;
			sourceTree = "<group>";
		};
		18258B7423DE4BED008BC327 /* Storyboard */ = {
			isa = PBXGroup;
			children = (
				18258B0423DE49E4008BC327 /* Main.storyboard */,
			);
			path = Storyboard;
			sourceTree = "<group>";
		};
		18258B9123DE69B9008BC327 /* Feature */ = {
			isa = PBXGroup;
			children = (
			);
			path = Feature;
			sourceTree = "<group>";
		};
		18258B9223DE69C0008BC327 /* Domain */ = {
			isa = PBXGroup;
			children = (
				18258BA623DE8EE2008BC327 /* Models */,
				18258BA123DE7E56008BC327 /* OrderService */,
			);
			path = Domain;
			sourceTree = "<group>";
		};
		18258B9C23DE7435008BC327 /* Stubs */ = {
			isa = PBXGroup;
			children = (
				18258B9D23DE7476008BC327 /* tickerSuccess.json */,
				18258B9E23DE7476008BC327 /* tickerMalformed.json */,
				18258B9823DE72C2008BC327 /* OrderServiceStubs.swift */,
			);
			path = Stubs;
			sourceTree = "<group>";
		};
		18258BA123DE7E56008BC327 /* OrderService */ = {
			isa = PBXGroup;
			children = (
				18258B9A23DE7301008BC327 /* MockOrderService.swift */,
				18258B9423DE69FB008BC327 /* OrderServiceNetworkTests.swift */,
				18258BA223DE7E99008BC327 /* OrderServiceMockTests.swift */,
				18258B9C23DE7435008BC327 /* Stubs */,
			);
			path = OrderService;
			sourceTree = "<group>";
		};
		18258BA623DE8EE2008BC327 /* Models */ = {
			isa = PBXGroup;
			children = (
				18258BA423DE8ED5008BC327 /* ServiceErrorTests.swift */,
			);
			path = Models;
			sourceTree = "<group>";
		};
		18C0A19F23DF97A400770E4A /* Extensions */ = {
			isa = PBXGroup;
			children = (
				18C0A1A023DF97CD00770E4A /* UIView+Extension.swift */,
			);
			path = Extensions;
			sourceTree = "<group>";
		};
		18C0A1A623DFA24A00770E4A /* Utils */ = {
			isa = PBXGroup;
			children = (
				18C0A1A423DF9D6300770E4A /* Theme.swift */,
				18C0A1BB23E017B900770E4A /* Utils.swift */,
			);
			path = Utils;
			sourceTree = "<group>";
		};
/* End PBXGroup section */

/* Begin PBXNativeTarget section */
		18258AFA23DE49E4008BC327 /* QuickTrade */ = {
			isa = PBXNativeTarget;
			buildConfigurationList = 18258B2523DE49E5008BC327 /* Build configuration list for PBXNativeTarget "QuickTrade" */;
			buildPhases = (
				18258AF723DE49E4008BC327 /* Sources */,
				18258AF823DE49E4008BC327 /* Frameworks */,
				18258AF923DE49E4008BC327 /* Resources */,
			);
			buildRules = (
			);
			dependencies = (
			);
			name = QuickTrade;
			productName = QuickTrade;
			productReference = 18258AFB23DE49E4008BC327 /* QuickTrade.app */;
			productType = "com.apple.product-type.application";
		};
		18258B1023DE49E5008BC327 /* QuickTradeTests */ = {
			isa = PBXNativeTarget;
			buildConfigurationList = 18258B2823DE49E5008BC327 /* Build configuration list for PBXNativeTarget "QuickTradeTests" */;
			buildPhases = (
				18258B0D23DE49E5008BC327 /* Sources */,
				18258B0E23DE49E5008BC327 /* Frameworks */,
				18258B0F23DE49E5008BC327 /* Resources */,
			);
			buildRules = (
			);
			dependencies = (
				18258B1323DE49E5008BC327 /* PBXTargetDependency */,
			);
			name = QuickTradeTests;
			productName = QuickTradeTests;
			productReference = 18258B1123DE49E5008BC327 /* QuickTradeTests.xctest */;
			productType = "com.apple.product-type.bundle.unit-test";
		};
		18258B1B23DE49E5008BC327 /* QuickTradeUITests */ = {
			isa = PBXNativeTarget;
			buildConfigurationList = 18258B2B23DE49E5008BC327 /* Build configuration list for PBXNativeTarget "QuickTradeUITests" */;
			buildPhases = (
				18258B1823DE49E5008BC327 /* Sources */,
				18258B1923DE49E5008BC327 /* Frameworks */,
				18258B1A23DE49E5008BC327 /* Resources */,
			);
			buildRules = (
			);
			dependencies = (
				18258B1E23DE49E5008BC327 /* PBXTargetDependency */,
			);
			name = QuickTradeUITests;
			productName = QuickTradeUITests;
			productReference = 18258B1C23DE49E5008BC327 /* QuickTradeUITests.xctest */;
			productType = "com.apple.product-type.bundle.ui-testing";
		};
/* End PBXNativeTarget section */

/* Begin PBXProject section */
		18258AF323DE49E4008BC327 /* Project object */ = {
			isa = PBXProject;
			attributes = {
				LastSwiftUpdateCheck = 1130;
				LastUpgradeCheck = 1130;
				ORGANIZATIONNAME = "Sunil Karkera";
				TargetAttributes = {
					18258AFA23DE49E4008BC327 = {
						CreatedOnToolsVersion = 11.3;
					};
					18258B1023DE49E5008BC327 = {
						CreatedOnToolsVersion = 11.3;
						TestTargetID = 18258AFA23DE49E4008BC327;
					};
					18258B1B23DE49E5008BC327 = {
						CreatedOnToolsVersion = 11.3;
						TestTargetID = 18258AFA23DE49E4008BC327;
					};
				};
			};
			buildConfigurationList = 18258AF623DE49E4008BC327 /* Build configuration list for PBXProject "QuickTrade" */;
			compatibilityVersion = "Xcode 9.3";
			developmentRegion = en;
			hasScannedForEncodings = 0;
			knownRegions = (
				en,
				Base,
			);
			mainGroup = 18258AF223DE49E4008BC327;
			productRefGroup = 18258AFC23DE49E4008BC327 /* Products */;
			projectDirPath = "";
			projectRoot = "";
			targets = (
				18258AFA23DE49E4008BC327 /* QuickTrade */,
				18258B1023DE49E5008BC327 /* QuickTradeTests */,
				18258B1B23DE49E5008BC327 /* QuickTradeUITests */,
			);
		};
/* End PBXProject section */

/* Begin PBXResourcesBuildPhase section */
		18258AF923DE49E4008BC327 /* Resources */ = {
			isa = PBXResourcesBuildPhase;
			buildActionMask = 2147483647;
			files = (
				18C0A1B423DFC62C00770E4A /* ActionViews.xib in Resources */,
				18258B0B23DE49E5008BC327 /* LaunchScreen.storyboard in Resources */,
				18258B8A23DE5B9C008BC327 /* Localizable.strings in Resources */,
				18C0A1B023DFB91400770E4A /* TextInputView.xib in Resources */,
				18C0A1A323DF980C00770E4A /* PricePanelView.xib in Resources */,
				18258B0823DE49E5008BC327 /* Assets.xcassets in Resources */,
				18258B0623DE49E4008BC327 /* Main.storyboard in Resources */,
			);
			runOnlyForDeploymentPostprocessing = 0;
		};
		18258B0F23DE49E5008BC327 /* Resources */ = {
			isa = PBXResourcesBuildPhase;
			buildActionMask = 2147483647;
			files = (
				18258B9F23DE7476008BC327 /* tickerSuccess.json in Resources */,
				18258BA023DE7476008BC327 /* tickerMalformed.json in Resources */,
			);
			runOnlyForDeploymentPostprocessing = 0;
		};
		18258B1A23DE49E5008BC327 /* Resources */ = {
			isa = PBXResourcesBuildPhase;
			buildActionMask = 2147483647;
			files = (
			);
			runOnlyForDeploymentPostprocessing = 0;
		};
/* End PBXResourcesBuildPhase section */

/* Begin PBXSourcesBuildPhase section */
		18258AF723DE49E4008BC327 /* Sources */ = {
			isa = PBXSourcesBuildPhase;
			buildActionMask = 2147483647;
			files = (
				18258B7A23DE538F008BC327 /* ServiceError.swift in Sources */,
				18258B8223DE5796008BC327 /* OrderServiceProvider.swift in Sources */,
				18258B8C23DE5BEC008BC327 /* LocalizedString.swift in Sources */,
				18C0A1A123DF97CD00770E4A /* UIView+Extension.swift in Sources */,
				18C0A1BA23E0026B00770E4A /* ProductsViewController.swift in Sources */,
				18C0A1A823DFA28600770E4A /* OrderTicketViewController.swift in Sources */,
				18C0A1B823DFF81000770E4A /* PricePanelViewModel.swift in Sources */,
				18258B7E23DE5439008BC327 /* Network.swift in Sources */,
				18258B9023DE67E6008BC327 /* Rates.swift in Sources */,
				18258B7623DE4D05008BC327 /* QuickTradeEndpoint.swift in Sources */,
				18258B7823DE4FBB008BC327 /* ServiceRequestBuilder.swift in Sources */,
				18C0A1AE23DFB90300770E4A /* TextInputView.swift in Sources */,
				18C0A1B223DFC61C00770E4A /* ActionViews.swift in Sources */,
				18C0A1A523DF9D6300770E4A /* Theme.swift in Sources */,
				18258B8423DE585F008BC327 /* OrderService.swift in Sources */,
				18C0A1BC23E017B900770E4A /* Utils.swift in Sources */,
				18C0A19A23DF970000770E4A /* PricePanelView.swift in Sources */,
				18258B7C23DE53D7008BC327 /* Result.swift in Sources */,
				18258AFF23DE49E4008BC327 /* AppDelegate.swift in Sources */,
				18C0A1AA23DFA29F00770E4A /* OrderTicketViewModel.swift in Sources */,
				18C0A1AC23DFAC6000770E4A /* PrimaryButton.swift in Sources */,
				18258B9723DE6E0A008BC327 /* JSONDecoder+Extensions.swift in Sources */,
				18258B0123DE49E4008BC327 /* SceneDelegate.swift in Sources */,
			);
			runOnlyForDeploymentPostprocessing = 0;
		};
		18258B0D23DE49E5008BC327 /* Sources */ = {
			isa = PBXSourcesBuildPhase;
			buildActionMask = 2147483647;
			files = (
				18258BA323DE7E99008BC327 /* OrderServiceMockTests.swift in Sources */,
				18258B9923DE72C2008BC327 /* OrderServiceStubs.swift in Sources */,
				18258B9523DE69FB008BC327 /* OrderServiceNetworkTests.swift in Sources */,
				18258BA523DE8ED5008BC327 /* ServiceErrorTests.swift in Sources */,
				18258B9B23DE7301008BC327 /* MockOrderService.swift in Sources */,
			);
			runOnlyForDeploymentPostprocessing = 0;
		};
		18258B1823DE49E5008BC327 /* Sources */ = {
			isa = PBXSourcesBuildPhase;
			buildActionMask = 2147483647;
			files = (
				18258B2123DE49E5008BC327 /* QuickTradeUITests.swift in Sources */,
			);
			runOnlyForDeploymentPostprocessing = 0;
		};
/* End PBXSourcesBuildPhase section */

/* Begin PBXTargetDependency section */
		18258B1323DE49E5008BC327 /* PBXTargetDependency */ = {
			isa = PBXTargetDependency;
			target = 18258AFA23DE49E4008BC327 /* QuickTrade */;
			targetProxy = 18258B1223DE49E5008BC327 /* PBXContainerItemProxy */;
		};
		18258B1E23DE49E5008BC327 /* PBXTargetDependency */ = {
			isa = PBXTargetDependency;
			target = 18258AFA23DE49E4008BC327 /* QuickTrade */;
			targetProxy = 18258B1D23DE49E5008BC327 /* PBXContainerItemProxy */;
		};
/* End PBXTargetDependency section */

/* Begin PBXVariantGroup section */
		18258B0423DE49E4008BC327 /* Main.storyboard */ = {
			isa = PBXVariantGroup;
			children = (
				18258B0523DE49E4008BC327 /* Base */,
			);
			name = Main.storyboard;
			sourceTree = "<group>";
		};
		18258B0923DE49E5008BC327 /* LaunchScreen.storyboard */ = {
			isa = PBXVariantGroup;
			children = (
				18258B0A23DE49E5008BC327 /* Base */,
			);
			name = LaunchScreen.storyboard;
			sourceTree = "<group>";
		};
/* End PBXVariantGroup section */

/* Begin XCBuildConfiguration section */
		18258B2323DE49E5008BC327 /* Debug */ = {
			isa = XCBuildConfiguration;
			buildSettings = {
				ALWAYS_SEARCH_USER_PATHS = NO;
				CLANG_ANALYZER_NONNULL = YES;
				CLANG_ANALYZER_NUMBER_OBJECT_CONVERSION = YES_AGGRESSIVE;
				CLANG_CXX_LANGUAGE_STANDARD = "gnu++14";
				CLANG_CXX_LIBRARY = "libc++";
				CLANG_ENABLE_MODULES = YES;
				CLANG_ENABLE_OBJC_ARC = YES;
				CLANG_ENABLE_OBJC_WEAK = YES;
				CLANG_WARN_BLOCK_CAPTURE_AUTORELEASING = YES;
				CLANG_WARN_BOOL_CONVERSION = YES;
				CLANG_WARN_COMMA = YES;
				CLANG_WARN_CONSTANT_CONVERSION = YES;
				CLANG_WARN_DEPRECATED_OBJC_IMPLEMENTATIONS = YES;
				CLANG_WARN_DIRECT_OBJC_ISA_USAGE = YES_ERROR;
				CLANG_WARN_DOCUMENTATION_COMMENTS = YES;
				CLANG_WARN_EMPTY_BODY = YES;
				CLANG_WARN_ENUM_CONVERSION = YES;
				CLANG_WARN_INFINITE_RECURSION = YES;
				CLANG_WARN_INT_CONVERSION = YES;
				CLANG_WARN_NON_LITERAL_NULL_CONVERSION = YES;
				CLANG_WARN_OBJC_IMPLICIT_RETAIN_SELF = YES;
				CLANG_WARN_OBJC_LITERAL_CONVERSION = YES;
				CLANG_WARN_OBJC_ROOT_CLASS = YES_ERROR;
				CLANG_WARN_RANGE_LOOP_ANALYSIS = YES;
				CLANG_WARN_STRICT_PROTOTYPES = YES;
				CLANG_WARN_SUSPICIOUS_MOVE = YES;
				CLANG_WARN_UNGUARDED_AVAILABILITY = YES_AGGRESSIVE;
				CLANG_WARN_UNREACHABLE_CODE = YES;
				CLANG_WARN__DUPLICATE_METHOD_MATCH = YES;
				COPY_PHASE_STRIP = NO;
				DEBUG_INFORMATION_FORMAT = dwarf;
				ENABLE_STRICT_OBJC_MSGSEND = YES;
				ENABLE_TESTABILITY = YES;
				GCC_C_LANGUAGE_STANDARD = gnu11;
				GCC_DYNAMIC_NO_PIC = NO;
				GCC_NO_COMMON_BLOCKS = YES;
				GCC_OPTIMIZATION_LEVEL = 0;
				GCC_PREPROCESSOR_DEFINITIONS = (
					"DEBUG=1",
					"$(inherited)",
				);
				GCC_WARN_64_TO_32_BIT_CONVERSION = YES;
				GCC_WARN_ABOUT_RETURN_TYPE = YES_ERROR;
				GCC_WARN_UNDECLARED_SELECTOR = YES;
				GCC_WARN_UNINITIALIZED_AUTOS = YES_AGGRESSIVE;
				GCC_WARN_UNUSED_FUNCTION = YES;
				GCC_WARN_UNUSED_VARIABLE = YES;
				IPHONEOS_DEPLOYMENT_TARGET = 13.2;
				MTL_ENABLE_DEBUG_INFO = INCLUDE_SOURCE;
				MTL_FAST_MATH = YES;
				ONLY_ACTIVE_ARCH = YES;
				SDKROOT = iphoneos;
				SWIFT_ACTIVE_COMPILATION_CONDITIONS = DEBUG;
				SWIFT_OPTIMIZATION_LEVEL = "-Onone";
			};
			name = Debug;
		};
		18258B2423DE49E5008BC327 /* Release */ = {
			isa = XCBuildConfiguration;
			buildSettings = {
				ALWAYS_SEARCH_USER_PATHS = NO;
				CLANG_ANALYZER_NONNULL = YES;
				CLANG_ANALYZER_NUMBER_OBJECT_CONVERSION = YES_AGGRESSIVE;
				CLANG_CXX_LANGUAGE_STANDARD = "gnu++14";
				CLANG_CXX_LIBRARY = "libc++";
				CLANG_ENABLE_MODULES = YES;
				CLANG_ENABLE_OBJC_ARC = YES;
				CLANG_ENABLE_OBJC_WEAK = YES;
				CLANG_WARN_BLOCK_CAPTURE_AUTORELEASING = YES;
				CLANG_WARN_BOOL_CONVERSION = YES;
				CLANG_WARN_COMMA = YES;
				CLANG_WARN_CONSTANT_CONVERSION = YES;
				CLANG_WARN_DEPRECATED_OBJC_IMPLEMENTATIONS = YES;
				CLANG_WARN_DIRECT_OBJC_ISA_USAGE = YES_ERROR;
				CLANG_WARN_DOCUMENTATION_COMMENTS = YES;
				CLANG_WARN_EMPTY_BODY = YES;
				CLANG_WARN_ENUM_CONVERSION = YES;
				CLANG_WARN_INFINITE_RECURSION = YES;
				CLANG_WARN_INT_CONVERSION = YES;
				CLANG_WARN_NON_LITERAL_NULL_CONVERSION = YES;
				CLANG_WARN_OBJC_IMPLICIT_RETAIN_SELF = YES;
				CLANG_WARN_OBJC_LITERAL_CONVERSION = YES;
				CLANG_WARN_OBJC_ROOT_CLASS = YES_ERROR;
				CLANG_WARN_RANGE_LOOP_ANALYSIS = YES;
				CLANG_WARN_STRICT_PROTOTYPES = YES;
				CLANG_WARN_SUSPICIOUS_MOVE = YES;
				CLANG_WARN_UNGUARDED_AVAILABILITY = YES_AGGRESSIVE;
				CLANG_WARN_UNREACHABLE_CODE = YES;
				CLANG_WARN__DUPLICATE_METHOD_MATCH = YES;
				COPY_PHASE_STRIP = NO;
				DEBUG_INFORMATION_FORMAT = "dwarf-with-dsym";
				ENABLE_NS_ASSERTIONS = NO;
				ENABLE_STRICT_OBJC_MSGSEND = YES;
				GCC_C_LANGUAGE_STANDARD = gnu11;
				GCC_NO_COMMON_BLOCKS = YES;
				GCC_WARN_64_TO_32_BIT_CONVERSION = YES;
				GCC_WARN_ABOUT_RETURN_TYPE = YES_ERROR;
				GCC_WARN_UNDECLARED_SELECTOR = YES;
				GCC_WARN_UNINITIALIZED_AUTOS = YES_AGGRESSIVE;
				GCC_WARN_UNUSED_FUNCTION = YES;
				GCC_WARN_UNUSED_VARIABLE = YES;
				IPHONEOS_DEPLOYMENT_TARGET = 13.2;
				MTL_ENABLE_DEBUG_INFO = NO;
				MTL_FAST_MATH = YES;
				SDKROOT = iphoneos;
				SWIFT_COMPILATION_MODE = wholemodule;
				SWIFT_OPTIMIZATION_LEVEL = "-O";
				VALIDATE_PRODUCT = YES;
			};
			name = Release;
		};
		18258B2623DE49E5008BC327 /* Debug */ = {
			isa = XCBuildConfiguration;
			buildSettings = {
				ASSETCATALOG_COMPILER_APPICON_NAME = AppIcon;
				CODE_SIGN_STYLE = Automatic;
				DEVELOPMENT_TEAM = BBUZ749W5Y;
				INFOPLIST_FILE = QuickTrade/Info.plist;
				LD_RUNPATH_SEARCH_PATHS = (
					"$(inherited)",
					"@executable_path/Frameworks",
				);
				PRODUCT_BUNDLE_IDENTIFIER = com.slickClickStudios.QuickTrade;
				PRODUCT_NAME = "$(TARGET_NAME)";
				SWIFT_VERSION = 5.0;
				TARGETED_DEVICE_FAMILY = "1,2";
			};
			name = Debug;
		};
		18258B2723DE49E5008BC327 /* Release */ = {
			isa = XCBuildConfiguration;
			buildSettings = {
				ASSETCATALOG_COMPILER_APPICON_NAME = AppIcon;
				CODE_SIGN_STYLE = Automatic;
				DEVELOPMENT_TEAM = BBUZ749W5Y;
				INFOPLIST_FILE = QuickTrade/Info.plist;
				LD_RUNPATH_SEARCH_PATHS = (
					"$(inherited)",
					"@executable_path/Frameworks",
				);
				PRODUCT_BUNDLE_IDENTIFIER = com.slickClickStudios.QuickTrade;
				PRODUCT_NAME = "$(TARGET_NAME)";
				SWIFT_VERSION = 5.0;
				TARGETED_DEVICE_FAMILY = "1,2";
			};
			name = Release;
		};
		18258B2923DE49E5008BC327 /* Debug */ = {
			isa = XCBuildConfiguration;
			buildSettings = {
				ALWAYS_EMBED_SWIFT_STANDARD_LIBRARIES = YES;
				BUNDLE_LOADER = "$(TEST_HOST)";
				CODE_SIGN_STYLE = Automatic;
				DEVELOPMENT_TEAM = BBUZ749W5Y;
				INFOPLIST_FILE = QuickTradeTests/Info.plist;
				IPHONEOS_DEPLOYMENT_TARGET = 13.2;
				LD_RUNPATH_SEARCH_PATHS = (
					"$(inherited)",
					"@executable_path/Frameworks",
					"@loader_path/Frameworks",
				);
				PRODUCT_BUNDLE_IDENTIFIER = com.slickClickStudios.QuickTradeTests;
				PRODUCT_NAME = "$(TARGET_NAME)";
				SWIFT_VERSION = 5.0;
				TARGETED_DEVICE_FAMILY = "1,2";
				TEST_HOST = "$(BUILT_PRODUCTS_DIR)/QuickTrade.app/QuickTrade";
			};
			name = Debug;
		};
		18258B2A23DE49E5008BC327 /* Release */ = {
			isa = XCBuildConfiguration;
			buildSettings = {
				ALWAYS_EMBED_SWIFT_STANDARD_LIBRARIES = YES;
				BUNDLE_LOADER = "$(TEST_HOST)";
				CODE_SIGN_STYLE = Automatic;
				DEVELOPMENT_TEAM = BBUZ749W5Y;
				INFOPLIST_FILE = QuickTradeTests/Info.plist;
				IPHONEOS_DEPLOYMENT_TARGET = 13.2;
				LD_RUNPATH_SEARCH_PATHS = (
					"$(inherited)",
					"@executable_path/Frameworks",
					"@loader_path/Frameworks",
				);
				PRODUCT_BUNDLE_IDENTIFIER = com.slickClickStudios.QuickTradeTests;
				PRODUCT_NAME = "$(TARGET_NAME)";
				SWIFT_VERSION = 5.0;
				TARGETED_DEVICE_FAMILY = "1,2";
				TEST_HOST = "$(BUILT_PRODUCTS_DIR)/QuickTrade.app/QuickTrade";
			};
			name = Release;
		};
		18258B2C23DE49E5008BC327 /* Debug */ = {
			isa = XCBuildConfiguration;
			buildSettings = {
				ALWAYS_EMBED_SWIFT_STANDARD_LIBRARIES = YES;
				CODE_SIGN_STYLE = Automatic;
				DEVELOPMENT_TEAM = BBUZ749W5Y;
				INFOPLIST_FILE = QuickTradeUITests/Info.plist;
				LD_RUNPATH_SEARCH_PATHS = (
					"$(inherited)",
					"@executable_path/Frameworks",
					"@loader_path/Frameworks",
				);
				PRODUCT_BUNDLE_IDENTIFIER = com.slickClickStudios.QuickTradeUITests;
				PRODUCT_NAME = "$(TARGET_NAME)";
				SWIFT_VERSION = 5.0;
				TARGETED_DEVICE_FAMILY = "1,2";
				TEST_TARGET_NAME = QuickTrade;
			};
			name = Debug;
		};
		18258B2D23DE49E5008BC327 /* Release */ = {
			isa = XCBuildConfiguration;
			buildSettings = {
				ALWAYS_EMBED_SWIFT_STANDARD_LIBRARIES = YES;
				CODE_SIGN_STYLE = Automatic;
				DEVELOPMENT_TEAM = BBUZ749W5Y;
				INFOPLIST_FILE = QuickTradeUITests/Info.plist;
				LD_RUNPATH_SEARCH_PATHS = (
					"$(inherited)",
					"@executable_path/Frameworks",
					"@loader_path/Frameworks",
				);
				PRODUCT_BUNDLE_IDENTIFIER = com.slickClickStudios.QuickTradeUITests;
				PRODUCT_NAME = "$(TARGET_NAME)";
				SWIFT_VERSION = 5.0;
				TARGETED_DEVICE_FAMILY = "1,2";
				TEST_TARGET_NAME = QuickTrade;
			};
			name = Release;
		};
/* End XCBuildConfiguration section */

/* Begin XCConfigurationList section */
		18258AF623DE49E4008BC327 /* Build configuration list for PBXProject "QuickTrade" */ = {
			isa = XCConfigurationList;
			buildConfigurations = (
				18258B2323DE49E5008BC327 /* Debug */,
				18258B2423DE49E5008BC327 /* Release */,
			);
			defaultConfigurationIsVisible = 0;
			defaultConfigurationName = Release;
		};
		18258B2523DE49E5008BC327 /* Build configuration list for PBXNativeTarget "QuickTrade" */ = {
			isa = XCConfigurationList;
			buildConfigurations = (
				18258B2623DE49E5008BC327 /* Debug */,
				18258B2723DE49E5008BC327 /* Release */,
			);
			defaultConfigurationIsVisible = 0;
			defaultConfigurationName = Release;
		};
		18258B2823DE49E5008BC327 /* Build configuration list for PBXNativeTarget "QuickTradeTests" */ = {
			isa = XCConfigurationList;
			buildConfigurations = (
				18258B2923DE49E5008BC327 /* Debug */,
				18258B2A23DE49E5008BC327 /* Release */,
			);
			defaultConfigurationIsVisible = 0;
			defaultConfigurationName = Release;
		};
		18258B2B23DE49E5008BC327 /* Build configuration list for PBXNativeTarget "QuickTradeUITests" */ = {
			isa = XCConfigurationList;
			buildConfigurations = (
				18258B2C23DE49E5008BC327 /* Debug */,
				18258B2D23DE49E5008BC327 /* Release */,
			);
			defaultConfigurationIsVisible = 0;
			defaultConfigurationName = Release;
		};
/* End XCConfigurationList section */
	};
	rootObject = 18258AF323DE49E4008BC327 /* Project object */;
}
